
Microsoft Visual Studio Solution File, Format Version 12.00
# Visual Studio Version 17
VisualStudioVersion = 17.0.31903.59
MinimumVisualStudioVersion = 10.0.40219.1
Project("{FAE04EC0-301F-11D3-BF4B-00C04F79EFBC}") = "AppointmentsApi", "AppointmentsApi\AppointmentsApi.csproj", "{D633611A-BE55-4E98-A686-9FD712354410}"
EndProject
Project("{FAE04EC0-301F-11D3-BF4B-00C04F79EFBC}") = "DocumentsService", "DocumentsService\DocumentsService.csproj", "{F49215EC-3822-42FF-8170-9C4F949FF9D2}"
EndProject
Global
	GlobalSection(SolutionConfigurationPlatforms) = preSolution
		Debug|Any CPU = Debug|Any CPU
		Debug|x64 = Debug|x64
		Debug|x86 = Debug|x86
		Release|Any CPU = Release|Any CPU
		Release|x64 = Release|x64
		Release|x86 = Release|x86
	EndGlobalSection
	GlobalSection(ProjectConfigurationPlatforms) = postSolution
		{D633611A-BE55-4E98-A686-9FD712354410}.Debug|Any CPU.ActiveCfg = Debug|Any CPU
		{D633611A-BE55-4E98-A686-9FD712354410}.Debug|Any CPU.Build.0 = Debug|Any CPU
		{D633611A-BE55-4E98-A686-9FD712354410}.Debug|x64.ActiveCfg = Debug|Any CPU
		{D633611A-BE55-4E98-A686-9FD712354410}.Debug|x64.Build.0 = Debug|Any CPU
		{D633611A-BE55-4E98-A686-9FD712354410}.Debug|x86.ActiveCfg = Debug|Any CPU
		{D633611A-BE55-4E98-A686-9FD712354410}.Debug|x86.Build.0 = Debug|Any CPU
		{D633611A-BE55-4E98-A686-9FD712354410}.Release|Any CPU.ActiveCfg = Release|Any CPU
		{D633611A-BE55-4E98-A686-9FD712354410}.Release|Any CPU.Build.0 = Release|Any CPU
		{D633611A-BE55-4E98-A686-9FD712354410}.Release|x64.ActiveCfg = Release|Any CPU
		{D633611A-BE55-4E98-A686-9FD712354410}.Release|x64.Build.0 = Release|Any CPU
		{D633611A-BE55-4E98-A686-9FD712354410}.Release|x86.ActiveCfg = Release|Any CPU
		{D633611A-BE55-4E98-A686-9FD712354410}.Release|x86.Build.0 = Release|Any CPU
		{F49215EC-3822-42FF-8170-9C4F949FF9D2}.Debug|Any CPU.ActiveCfg = Debug|Any CPU
		{F49215EC-3822-42FF-8170-9C4F949FF9D2}.Debug|Any CPU.Build.0 = Debug|Any CPU
		{F49215EC-3822-42FF-8170-9C4F949FF9D2}.Debug|x64.ActiveCfg = Debug|Any CPU
		{F49215EC-3822-42FF-8170-9C4F949FF9D2}.Debug|x64.Build.0 = Debug|Any CPU
		{F49215EC-3822-42FF-8170-9C4F949FF9D2}.Debug|x86.ActiveCfg = Debug|Any CPU
		{F49215EC-3822-42FF-8170-9C4F949FF9D2}.Debug|x86.Build.0 = Debug|Any CPU
		{F49215EC-3822-42FF-8170-9C4F949FF9D2}.Release|Any CPU.ActiveCfg = Release|Any CPU
		{F49215EC-3822-42FF-8170-9C4F949FF9D2}.Release|Any CPU.Build.0 = Release|Any CPU
		{F49215EC-3822-42FF-8170-9C4F949FF9D2}.Release|x64.ActiveCfg = Release|Any CPU
		{F49215EC-3822-42FF-8170-9C4F949FF9D2}.Release|x64.Build.0 = Release|Any CPU
		{F49215EC-3822-42FF-8170-9C4F949FF9D2}.Release|x86.ActiveCfg = Release|Any CPU
		{F49215EC-3822-42FF-8170-9C4F949FF9D2}.Release|x86.Build.0 = Release|Any CPU
	EndGlobalSection
	GlobalSection(SolutionProperties) = preSolution
		HideSolutionNode = FALSE
	EndGlobalSection
EndGlobal
